
Microsoft Visual Studio Solution File, Format Version 12.00
# Visual Studio Version 17
VisualStudioVersion = 17.5.002.0
MinimumVisualStudioVersion = 10.0.40219.1
Project("{9A19103F-16F7-4668-BE54-9A1E7A4F7556}") = "api01", "api01.csproj", "{157E3D56-60D3-4F2F-8075-A0455C968508}"
EndProject
Global
	GlobalSection(SolutionConfigurationPlatforms) = preSolution
		Debug|Any CPU = Debug|Any CPU
		Release|Any CPU = Release|Any CPU
	EndGlobalSection
	GlobalSection(ProjectConfigurationPlatforms) = postSolution
		{157E3D56-60D3-4F2F-8075-A0455C968508}.Debug|Any CPU.ActiveCfg = Debug|Any CPU
		{157E3D56-60D3-4F2F-8075-A0455C968508}.Debug|Any CPU.Build.0 = Debug|Any CPU
		{157E3D56-60D3-4F2F-8075-A0455C968508}.Release|Any CPU.ActiveCfg = Release|Any CPU
		{157E3D56-60D3-4F2F-8075-A0455C968508}.Release|Any CPU.Build.0 = Release|Any CPU
	EndGlobalSection
	GlobalSection(SolutionProperties) = preSolution
		HideSolutionNode = FALSE
	EndGlobalSection
	GlobalSection(ExtensibilityGlobals) = postSolution
		SolutionGuid = {EF12A340-E6D5-49D8-86B4-A605860E8EC1}
	EndGlobalSection
EndGlobal
